
Microsoft Visual Studio Solution File, Format Version 12.00
# Visual Studio Version 16
VisualStudioVersion = 16.0.29201.188
MinimumVisualStudioVersion = 10.0.40219.1
Project("{9A19103F-16F7-4668-BE54-9A1E7A4F7556}") = "SenkoSanBot", "SenkoSanBot\SenkoSanBot.csproj", "{D6B77B37-B35E-4926-AC17-DD99A4369BFB}"
EndProject
Project("{9A19103F-16F7-4668-BE54-9A1E7A4F7556}") = "SafeBooruApi", "SafeBooruApi\SafeBooruApi.csproj", "{ED107408-E37B-45B8-8CBE-2A287B964EC1}"
EndProject
Project("{9A19103F-16F7-4668-BE54-9A1E7A4F7556}") = "NekosLifeApi", "NekosLifeApi\NekosLifeApi.csproj", "{26C4EAF6-39D3-4365-8DD2-C07D657AAE5D}"
EndProject
Project("{9A19103F-16F7-4668-BE54-9A1E7A4F7556}") = "NekosLifeApiTests", "NekosLifeApiTests\NekosLifeApiTests.csproj", "{AA036BDB-5CBE-4884-B339-BE191F78AF57}"
EndProject
Project("{9A19103F-16F7-4668-BE54-9A1E7A4F7556}") = "SafeBooruApiTests", "SafeBooruApiTest\SafeBooruApiTests.csproj", "{90CA3315-CDB6-4C26-8B5E-EEF053E23B8A}"
EndProject
Project("{9A19103F-16F7-4668-BE54-9A1E7A4F7556}") = "JishoApi", "JishoApi\JishoApi.csproj", "{34184405-6BAC-4379-BCDF-8F49B201A336}"
EndProject
Project("{9A19103F-16F7-4668-BE54-9A1E7A4F7556}") = "JishoApiTests", "JishoApiTests\JishoApiTests.csproj", "{7A7B4215-E6E5-4B7F-B281-B75663F9607A}"
EndProject
Project("{9A19103F-16F7-4668-BE54-9A1E7A4F7556}") = "MalApi", "MalApi\MalApi.csproj", "{369CD9CF-C05D-493F-984B-6BE636A4F745}"
EndProject
Project("{9A19103F-16F7-4668-BE54-9A1E7A4F7556}") = "MalApiTests", "MalApiTests\MalApiTests.csproj", "{FB4A18A7-9650-46ED-A393-DA694F540D77}"
EndProject
Project("{9A19103F-16F7-4668-BE54-9A1E7A4F7556}") = "OsuApi", "OsuApi\OsuApi.csproj", "{AEC9FB47-22C3-4F09-85C9-589DD4805B31}"
EndProject
Project("{9A19103F-16F7-4668-BE54-9A1E7A4F7556}") = "OsuApiTests", "OsuApiTests\OsuApiTests.csproj", "{B6D81A55-79C6-4C08-A1AA-2C3E95D3E40A}"
EndProject
Project("{2150E333-8FDC-42A3-9474-1A3956D46DE8}") = "Apis", "Apis", "{A9D7E55A-84C6-4B2D-90DC-51556EB98C4C}"
EndProject
Project("{2150E333-8FDC-42A3-9474-1A3956D46DE8}") = "ApiTests", "ApiTests", "{1AEEF7C4-5EDB-4861-B541-D5B4A854B190}"
EndProject
Project("{9A19103F-16F7-4668-BE54-9A1E7A4F7556}") = "Common", "Common\Common.csproj", "{4D71602E-4759-4520-B80D-E3A633C3ED7A}"
EndProject
Project("{9A19103F-16F7-4668-BE54-9A1E7A4F7556}") = "AlphaCodersApi", "AlphaCodersApi\AlphaCodersApi.csproj", "{2F535BD5-10BD-4BF5-88BD-D48865D72768}"
EndProject
Project("{FAE04EC0-301F-11D3-BF4B-00C04F79EFBC}") = "AnimeCharacterDatabaseApi", "AnimeCharacterDatabaseApi\AnimeCharacterDatabaseApi.csproj", "{DE5188D2-9497-4D1A-A6DB-F5DE0B56BC41}"
EndProject
Global
	GlobalSection(SolutionConfigurationPlatforms) = preSolution
		Debug|Any CPU = Debug|Any CPU
		Release|Any CPU = Release|Any CPU
	EndGlobalSection
	GlobalSection(ProjectConfigurationPlatforms) = postSolution
		{D6B77B37-B35E-4926-AC17-DD99A4369BFB}.Debug|Any CPU.ActiveCfg = Debug|Any CPU
		{D6B77B37-B35E-4926-AC17-DD99A4369BFB}.Debug|Any CPU.Build.0 = Debug|Any CPU
		{D6B77B37-B35E-4926-AC17-DD99A4369BFB}.Release|Any CPU.ActiveCfg = Release|Any CPU
		{D6B77B37-B35E-4926-AC17-DD99A4369BFB}.Release|Any CPU.Build.0 = Release|Any CPU
		{ED107408-E37B-45B8-8CBE-2A287B964EC1}.Debug|Any CPU.ActiveCfg = Debug|Any CPU
		{ED107408-E37B-45B8-8CBE-2A287B964EC1}.Debug|Any CPU.Build.0 = Debug|Any CPU
		{ED107408-E37B-45B8-8CBE-2A287B964EC1}.Release|Any CPU.ActiveCfg = Release|Any CPU
		{ED107408-E37B-45B8-8CBE-2A287B964EC1}.Release|Any CPU.Build.0 = Release|Any CPU
		{26C4EAF6-39D3-4365-8DD2-C07D657AAE5D}.Debug|Any CPU.ActiveCfg = Debug|Any CPU
		{26C4EAF6-39D3-4365-8DD2-C07D657AAE5D}.Debug|Any CPU.Build.0 = Debug|Any CPU
		{26C4EAF6-39D3-4365-8DD2-C07D657AAE5D}.Release|Any CPU.ActiveCfg = Release|Any CPU
		{26C4EAF6-39D3-4365-8DD2-C07D657AAE5D}.Release|Any CPU.Build.0 = Release|Any CPU
		{AA036BDB-5CBE-4884-B339-BE191F78AF57}.Debug|Any CPU.ActiveCfg = Debug|Any CPU
		{AA036BDB-5CBE-4884-B339-BE191F78AF57}.Debug|Any CPU.Build.0 = Debug|Any CPU
		{AA036BDB-5CBE-4884-B339-BE191F78AF57}.Release|Any CPU.ActiveCfg = Release|Any CPU
		{AA036BDB-5CBE-4884-B339-BE191F78AF57}.Release|Any CPU.Build.0 = Release|Any CPU
		{90CA3315-CDB6-4C26-8B5E-EEF053E23B8A}.Debug|Any CPU.ActiveCfg = Debug|Any CPU
		{90CA3315-CDB6-4C26-8B5E-EEF053E23B8A}.Debug|Any CPU.Build.0 = Debug|Any CPU
		{90CA3315-CDB6-4C26-8B5E-EEF053E23B8A}.Release|Any CPU.ActiveCfg = Release|Any CPU
		{90CA3315-CDB6-4C26-8B5E-EEF053E23B8A}.Release|Any CPU.Build.0 = Release|Any CPU
		{34184405-6BAC-4379-BCDF-8F49B201A336}.Debug|Any CPU.ActiveCfg = Debug|Any CPU
		{34184405-6BAC-4379-BCDF-8F49B201A336}.Debug|Any CPU.Build.0 = Debug|Any CPU
		{34184405-6BAC-4379-BCDF-8F49B201A336}.Release|Any CPU.ActiveCfg = Release|Any CPU
		{34184405-6BAC-4379-BCDF-8F49B201A336}.Release|Any CPU.Build.0 = Release|Any CPU
		{7A7B4215-E6E5-4B7F-B281-B75663F9607A}.Debug|Any CPU.ActiveCfg = Debug|Any CPU
		{7A7B4215-E6E5-4B7F-B281-B75663F9607A}.Debug|Any CPU.Build.0 = Debug|Any CPU
		{7A7B4215-E6E5-4B7F-B281-B75663F9607A}.Release|Any CPU.ActiveCfg = Release|Any CPU
		{7A7B4215-E6E5-4B7F-B281-B75663F9607A}.Release|Any CPU.Build.0 = Release|Any CPU
		{369CD9CF-C05D-493F-984B-6BE636A4F745}.Debug|Any CPU.ActiveCfg = Debug|Any CPU
		{369CD9CF-C05D-493F-984B-6BE636A4F745}.Debug|Any CPU.Build.0 = Debug|Any CPU
		{369CD9CF-C05D-493F-984B-6BE636A4F745}.Release|Any CPU.ActiveCfg = Release|Any CPU
		{369CD9CF-C05D-493F-984B-6BE636A4F745}.Release|Any CPU.Build.0 = Release|Any CPU
		{FB4A18A7-9650-46ED-A393-DA694F540D77}.Debug|Any CPU.ActiveCfg = Debug|Any CPU
		{FB4A18A7-9650-46ED-A393-DA694F540D77}.Debug|Any CPU.Build.0 = Debug|Any CPU
		{FB4A18A7-9650-46ED-A393-DA694F540D77}.Release|Any CPU.ActiveCfg = Release|Any CPU
		{FB4A18A7-9650-46ED-A393-DA694F540D77}.Release|Any CPU.Build.0 = Release|Any CPU
		{AEC9FB47-22C3-4F09-85C9-589DD4805B31}.Debug|Any CPU.ActiveCfg = Debug|Any CPU
		{AEC9FB47-22C3-4F09-85C9-589DD4805B31}.Debug|Any CPU.Build.0 = Debug|Any CPU
		{AEC9FB47-22C3-4F09-85C9-589DD4805B31}.Release|Any CPU.ActiveCfg = Release|Any CPU
		{AEC9FB47-22C3-4F09-85C9-589DD4805B31}.Release|Any CPU.Build.0 = Release|Any CPU
		{B6D81A55-79C6-4C08-A1AA-2C3E95D3E40A}.Debug|Any CPU.ActiveCfg = Debug|Any CPU
		{B6D81A55-79C6-4C08-A1AA-2C3E95D3E40A}.Debug|Any CPU.Build.0 = Debug|Any CPU
		{B6D81A55-79C6-4C08-A1AA-2C3E95D3E40A}.Release|Any CPU.ActiveCfg = Release|Any CPU
		{B6D81A55-79C6-4C08-A1AA-2C3E95D3E40A}.Release|Any CPU.Build.0 = Release|Any CPU
		{4D71602E-4759-4520-B80D-E3A633C3ED7A}.Debug|Any CPU.ActiveCfg = Debug|Any CPU
		{4D71602E-4759-4520-B80D-E3A633C3ED7A}.Debug|Any CPU.Build.0 = Debug|Any CPU
		{4D71602E-4759-4520-B80D-E3A633C3ED7A}.Release|Any CPU.ActiveCfg = Release|Any CPU
		{4D71602E-4759-4520-B80D-E3A633C3ED7A}.Release|Any CPU.Build.0 = Release|Any CPU
		{2F535BD5-10BD-4BF5-88BD-D48865D72768}.Debug|Any CPU.ActiveCfg = Debug|Any CPU
		{2F535BD5-10BD-4BF5-88BD-D48865D72768}.Debug|Any CPU.Build.0 = Debug|Any CPU
		{2F535BD5-10BD-4BF5-88BD-D48865D72768}.Release|Any CPU.ActiveCfg = Release|Any CPU
		{2F535BD5-10BD-4BF5-88BD-D48865D72768}.Release|Any CPU.Build.0 = Release|Any CPU
		{DE5188D2-9497-4D1A-A6DB-F5DE0B56BC41}.Debug|Any CPU.ActiveCfg = Debug|Any CPU
		{DE5188D2-9497-4D1A-A6DB-F5DE0B56BC41}.Debug|Any CPU.Build.0 = Debug|Any CPU
		{DE5188D2-9497-4D1A-A6DB-F5DE0B56BC41}.Release|Any CPU.ActiveCfg = Release|Any CPU
		{DE5188D2-9497-4D1A-A6DB-F5DE0B56BC41}.Release|Any CPU.Build.0 = Release|Any CPU
	EndGlobalSection
	GlobalSection(SolutionProperties) = preSolution
		HideSolutionNode = FALSE
	EndGlobalSection
	GlobalSection(NestedProjects) = preSolution
		{ED107408-E37B-45B8-8CBE-2A287B964EC1} = {A9D7E55A-84C6-4B2D-90DC-51556EB98C4C}
		{26C4EAF6-39D3-4365-8DD2-C07D657AAE5D} = {A9D7E55A-84C6-4B2D-90DC-51556EB98C4C}
		{AA036BDB-5CBE-4884-B339-BE191F78AF57} = {1AEEF7C4-5EDB-4861-B541-D5B4A854B190}
		{90CA3315-CDB6-4C26-8B5E-EEF053E23B8A} = {1AEEF7C4-5EDB-4861-B541-D5B4A854B190}
		{34184405-6BAC-4379-BCDF-8F49B201A336} = {A9D7E55A-84C6-4B2D-90DC-51556EB98C4C}
		{7A7B4215-E6E5-4B7F-B281-B75663F9607A} = {1AEEF7C4-5EDB-4861-B541-D5B4A854B190}
		{369CD9CF-C05D-493F-984B-6BE636A4F745} = {A9D7E55A-84C6-4B2D-90DC-51556EB98C4C}
		{FB4A18A7-9650-46ED-A393-DA694F540D77} = {1AEEF7C4-5EDB-4861-B541-D5B4A854B190}
		{AEC9FB47-22C3-4F09-85C9-589DD4805B31} = {A9D7E55A-84C6-4B2D-90DC-51556EB98C4C}
		{B6D81A55-79C6-4C08-A1AA-2C3E95D3E40A} = {1AEEF7C4-5EDB-4861-B541-D5B4A854B190}
		{2F535BD5-10BD-4BF5-88BD-D48865D72768} = {A9D7E55A-84C6-4B2D-90DC-51556EB98C4C}
		{DE5188D2-9497-4D1A-A6DB-F5DE0B56BC41} = {A9D7E55A-84C6-4B2D-90DC-51556EB98C4C}
	EndGlobalSection
	GlobalSection(ExtensibilityGlobals) = postSolution
		SolutionGuid = {4DADD416-3B64-4BBE-9FE6-943BE0DE3B92}
	EndGlobalSection
	GlobalSection(Performance) = preSolution
		HasPerformanceSessions = true
	EndGlobalSection
EndGlobal
