
Microsoft Visual Studio Solution File, Format Version 12.00
# Visual Studio 15
VisualStudioVersion = 15.0.28307.757
MinimumVisualStudioVersion = 10.0.40219.1
Project("{9A19103F-16F7-4668-BE54-9A1E7A4F7556}") = "SenkoSanBot", "SenkoSanBot\SenkoSanBot.csproj", "{D6B77B37-B35E-4926-AC17-DD99A4369BFB}"
EndProject
Project("{9A19103F-16F7-4668-BE54-9A1E7A4F7556}") = "SafeBooruApi", "SafeBooruApi\SafeBooruApi.csproj", "{ED107408-E37B-45B8-8CBE-2A287B964EC1}"
EndProject
Project("{9A19103F-16F7-4668-BE54-9A1E7A4F7556}") = "NekosLifeApi", "NekosLifeApi\NekosLifeApi.csproj", "{26C4EAF6-39D3-4365-8DD2-C07D657AAE5D}"
EndProject
Project("{9A19103F-16F7-4668-BE54-9A1E7A4F7556}") = "NekosLifeApiTests", "NekosLifeApiTests\NekosLifeApiTests.csproj", "{AA036BDB-5CBE-4884-B339-BE191F78AF57}"
EndProject
Project("{9A19103F-16F7-4668-BE54-9A1E7A4F7556}") = "SafeBooruApiTests", "SafeBooruApiTest\SafeBooruApiTests.csproj", "{90CA3315-CDB6-4C26-8B5E-EEF053E23B8A}"
EndProject
Project("{9A19103F-16F7-4668-BE54-9A1E7A4F7556}") = "JishoApi", "JishoApi\JishoApi.csproj", "{34184405-6BAC-4379-BCDF-8F49B201A336}"
EndProject
Project("{9A19103F-16F7-4668-BE54-9A1E7A4F7556}") = "JishoApiTests", "JishoApiTests\JishoApiTests.csproj", "{7A7B4215-E6E5-4B7F-B281-B75663F9607A}"
EndProject
Project("{9A19103F-16F7-4668-BE54-9A1E7A4F7556}") = "AniListApi", "AnilistApi\AniListApi.csproj", "{369CD9CF-C05D-493F-984B-6BE636A4F745}"
EndProject
Global
	GlobalSection(SolutionConfigurationPlatforms) = preSolution
		Debug|Any CPU = Debug|Any CPU
		Release|Any CPU = Release|Any CPU
	EndGlobalSection
	GlobalSection(ProjectConfigurationPlatforms) = postSolution
		{D6B77B37-B35E-4926-AC17-DD99A4369BFB}.Debug|Any CPU.ActiveCfg = Debug|Any CPU
		{D6B77B37-B35E-4926-AC17-DD99A4369BFB}.Debug|Any CPU.Build.0 = Debug|Any CPU
		{D6B77B37-B35E-4926-AC17-DD99A4369BFB}.Release|Any CPU.ActiveCfg = Release|Any CPU
		{D6B77B37-B35E-4926-AC17-DD99A4369BFB}.Release|Any CPU.Build.0 = Release|Any CPU
		{ED107408-E37B-45B8-8CBE-2A287B964EC1}.Debug|Any CPU.ActiveCfg = Debug|Any CPU
		{ED107408-E37B-45B8-8CBE-2A287B964EC1}.Debug|Any CPU.Build.0 = Debug|Any CPU
		{ED107408-E37B-45B8-8CBE-2A287B964EC1}.Release|Any CPU.ActiveCfg = Release|Any CPU
		{ED107408-E37B-45B8-8CBE-2A287B964EC1}.Release|Any CPU.Build.0 = Release|Any CPU
		{26C4EAF6-39D3-4365-8DD2-C07D657AAE5D}.Debug|Any CPU.ActiveCfg = Debug|Any CPU
		{26C4EAF6-39D3-4365-8DD2-C07D657AAE5D}.Debug|Any CPU.Build.0 = Debug|Any CPU
		{26C4EAF6-39D3-4365-8DD2-C07D657AAE5D}.Release|Any CPU.ActiveCfg = Release|Any CPU
		{26C4EAF6-39D3-4365-8DD2-C07D657AAE5D}.Release|Any CPU.Build.0 = Release|Any CPU
		{AA036BDB-5CBE-4884-B339-BE191F78AF57}.Debug|Any CPU.ActiveCfg = Debug|Any CPU
		{AA036BDB-5CBE-4884-B339-BE191F78AF57}.Debug|Any CPU.Build.0 = Debug|Any CPU
		{AA036BDB-5CBE-4884-B339-BE191F78AF57}.Release|Any CPU.ActiveCfg = Release|Any CPU
		{AA036BDB-5CBE-4884-B339-BE191F78AF57}.Release|Any CPU.Build.0 = Release|Any CPU
		{90CA3315-CDB6-4C26-8B5E-EEF053E23B8A}.Debug|Any CPU.ActiveCfg = Debug|Any CPU
		{90CA3315-CDB6-4C26-8B5E-EEF053E23B8A}.Debug|Any CPU.Build.0 = Debug|Any CPU
		{90CA3315-CDB6-4C26-8B5E-EEF053E23B8A}.Release|Any CPU.ActiveCfg = Release|Any CPU
		{90CA3315-CDB6-4C26-8B5E-EEF053E23B8A}.Release|Any CPU.Build.0 = Release|Any CPU
		{34184405-6BAC-4379-BCDF-8F49B201A336}.Debug|Any CPU.ActiveCfg = Debug|Any CPU
		{34184405-6BAC-4379-BCDF-8F49B201A336}.Debug|Any CPU.Build.0 = Debug|Any CPU
		{34184405-6BAC-4379-BCDF-8F49B201A336}.Release|Any CPU.ActiveCfg = Release|Any CPU
		{34184405-6BAC-4379-BCDF-8F49B201A336}.Release|Any CPU.Build.0 = Release|Any CPU
		{7A7B4215-E6E5-4B7F-B281-B75663F9607A}.Debug|Any CPU.ActiveCfg = Debug|Any CPU
		{7A7B4215-E6E5-4B7F-B281-B75663F9607A}.Debug|Any CPU.Build.0 = Debug|Any CPU
		{7A7B4215-E6E5-4B7F-B281-B75663F9607A}.Release|Any CPU.ActiveCfg = Release|Any CPU
		{7A7B4215-E6E5-4B7F-B281-B75663F9607A}.Release|Any CPU.Build.0 = Release|Any CPU
		{369CD9CF-C05D-493F-984B-6BE636A4F745}.Debug|Any CPU.ActiveCfg = Debug|Any CPU
		{369CD9CF-C05D-493F-984B-6BE636A4F745}.Debug|Any CPU.Build.0 = Debug|Any CPU
		{369CD9CF-C05D-493F-984B-6BE636A4F745}.Release|Any CPU.ActiveCfg = Release|Any CPU
		{369CD9CF-C05D-493F-984B-6BE636A4F745}.Release|Any CPU.Build.0 = Release|Any CPU
	EndGlobalSection
	GlobalSection(SolutionProperties) = preSolution
		HideSolutionNode = FALSE
	EndGlobalSection
	GlobalSection(ExtensibilityGlobals) = postSolution
		SolutionGuid = {4DADD416-3B64-4BBE-9FE6-943BE0DE3B92}
	EndGlobalSection
EndGlobal
